
Microsoft Visual Studio Solution File, Format Version 12.00
# Visual Studio 14
VisualStudioVersion = 14.0.23107.0
MinimumVisualStudioVersion = 10.0.40219.1
Project("{FAE04EC0-301F-11D3-BF4B-00C04F79EFBC}") = "TSLib", "TSLib\TSLib.csproj", "{26A3BE99-8F8A-41D8-86A7-3BCFEA6340B9}"
EndProject
Project("{FAE04EC0-301F-11D3-BF4B-00C04F79EFBC}") = "test", "test\test.csproj", "{D21C6235-F5BF-46E6-8537-306F9883E06B}"
EndProject
Project("{2150E333-8FDC-42A3-9474-1A3956D46DE8}") = "Solution Items", "Solution Items", "{9DB827E3-3B9F-4DCC-A6A2-3031448864F9}"
	ProjectSection(SolutionItems) = preProject
		TSLib\readme.txt = TSLib\readme.txt
	EndProjectSection
EndProject
Project("{FAE04EC0-301F-11D3-BF4B-00C04F79EFBC}") = "ConsoleTest", "ConsoleTest\ConsoleTest.csproj", "{FE7BD78C-AFB5-4FD3-8897-5BD8421E56A6}"
EndProject
Project("{FAE04EC0-301F-11D3-BF4B-00C04F79EFBC}") = "TSLib.Text", "TSLib.Text\TSLib.Text.csproj", "{B5F08FC3-64F7-4D3A-8A1B-0DCEB4ED37BD}"
EndProject
Project("{FAE04EC0-301F-11D3-BF4B-00C04F79EFBC}") = "TSLib.Photo", "TSLib.Photo\TSLib.Photo.csproj", "{32154846-3283-4691-870A-D2F9C337918F}"
EndProject
Project("{FAE04EC0-301F-11D3-BF4B-00C04F79EFBC}") = "TSLib.Controls", "TSLib.Controls\TSLib.Controls.csproj", "{0B5CB7E1-0207-4432-A84D-BA9BFC607FBE}"
EndProject
Global
	GlobalSection(SolutionConfigurationPlatforms) = preSolution
		Debug|Any CPU = Debug|Any CPU
		Release|Any CPU = Release|Any CPU
	EndGlobalSection
	GlobalSection(ProjectConfigurationPlatforms) = postSolution
		{26A3BE99-8F8A-41D8-86A7-3BCFEA6340B9}.Debug|Any CPU.ActiveCfg = Debug|Any CPU
		{26A3BE99-8F8A-41D8-86A7-3BCFEA6340B9}.Debug|Any CPU.Build.0 = Debug|Any CPU
		{26A3BE99-8F8A-41D8-86A7-3BCFEA6340B9}.Release|Any CPU.ActiveCfg = Release|Any CPU
		{26A3BE99-8F8A-41D8-86A7-3BCFEA6340B9}.Release|Any CPU.Build.0 = Release|Any CPU
		{D21C6235-F5BF-46E6-8537-306F9883E06B}.Debug|Any CPU.ActiveCfg = Debug|Any CPU
		{D21C6235-F5BF-46E6-8537-306F9883E06B}.Debug|Any CPU.Build.0 = Debug|Any CPU
		{D21C6235-F5BF-46E6-8537-306F9883E06B}.Release|Any CPU.ActiveCfg = Release|Any CPU
		{D21C6235-F5BF-46E6-8537-306F9883E06B}.Release|Any CPU.Build.0 = Release|Any CPU
		{FE7BD78C-AFB5-4FD3-8897-5BD8421E56A6}.Debug|Any CPU.ActiveCfg = Debug|Any CPU
		{FE7BD78C-AFB5-4FD3-8897-5BD8421E56A6}.Debug|Any CPU.Build.0 = Debug|Any CPU
		{FE7BD78C-AFB5-4FD3-8897-5BD8421E56A6}.Release|Any CPU.ActiveCfg = Release|Any CPU
		{FE7BD78C-AFB5-4FD3-8897-5BD8421E56A6}.Release|Any CPU.Build.0 = Release|Any CPU
		{B5F08FC3-64F7-4D3A-8A1B-0DCEB4ED37BD}.Debug|Any CPU.ActiveCfg = Debug|Any CPU
		{B5F08FC3-64F7-4D3A-8A1B-0DCEB4ED37BD}.Debug|Any CPU.Build.0 = Debug|Any CPU
		{B5F08FC3-64F7-4D3A-8A1B-0DCEB4ED37BD}.Release|Any CPU.ActiveCfg = Release|Any CPU
		{B5F08FC3-64F7-4D3A-8A1B-0DCEB4ED37BD}.Release|Any CPU.Build.0 = Release|Any CPU
		{32154846-3283-4691-870A-D2F9C337918F}.Debug|Any CPU.ActiveCfg = Debug|Any CPU
		{32154846-3283-4691-870A-D2F9C337918F}.Debug|Any CPU.Build.0 = Debug|Any CPU
		{32154846-3283-4691-870A-D2F9C337918F}.Release|Any CPU.ActiveCfg = Release|Any CPU
		{32154846-3283-4691-870A-D2F9C337918F}.Release|Any CPU.Build.0 = Release|Any CPU
		{0B5CB7E1-0207-4432-A84D-BA9BFC607FBE}.Debug|Any CPU.ActiveCfg = Debug|Any CPU
		{0B5CB7E1-0207-4432-A84D-BA9BFC607FBE}.Debug|Any CPU.Build.0 = Debug|Any CPU
		{0B5CB7E1-0207-4432-A84D-BA9BFC607FBE}.Release|Any CPU.ActiveCfg = Release|Any CPU
		{0B5CB7E1-0207-4432-A84D-BA9BFC607FBE}.Release|Any CPU.Build.0 = Release|Any CPU
	EndGlobalSection
	GlobalSection(SolutionProperties) = preSolution
		HideSolutionNode = FALSE
	EndGlobalSection
EndGlobal
